
Microsoft Visual Studio Solution File, Format Version 12.00
# Visual Studio Version 16
VisualStudioVersion = 16.0.29709.97
MinimumVisualStudioVersion = 10.0.40219.1
Project("{8BC9CEB8-8B4A-11D0-8D11-00A0C91BC942}") = "TP_FINAL_ASSD", "TP_FINAL_ASSD\TP_FINAL_ASSD.vcxproj", "{9A09D222-0C2A-475A-B809-C5F19E4C1988}"
EndProject
Global
	GlobalSection(SolutionConfigurationPlatforms) = preSolution
		Debug|x64 = Debug|x64
		Debug|x86 = Debug|x86
		Release|x64 = Release|x64
		Release|x86 = Release|x86
	EndGlobalSection
	GlobalSection(ProjectConfigurationPlatforms) = postSolution
		{9A09D222-0C2A-475A-B809-C5F19E4C1988}.Debug|x64.ActiveCfg = Debug|x64
		{9A09D222-0C2A-475A-B809-C5F19E4C1988}.Debug|x64.Build.0 = Debug|x64
		{9A09D222-0C2A-475A-B809-C5F19E4C1988}.Debug|x86.ActiveCfg = Debug|Win32
		{9A09D222-0C2A-475A-B809-C5F19E4C1988}.Debug|x86.Build.0 = Debug|Win32
		{9A09D222-0C2A-475A-B809-C5F19E4C1988}.Release|x64.ActiveCfg = Release|x64
		{9A09D222-0C2A-475A-B809-C5F19E4C1988}.Release|x64.Build.0 = Release|x64
		{9A09D222-0C2A-475A-B809-C5F19E4C1988}.Release|x86.ActiveCfg = Release|Win32
		{9A09D222-0C2A-475A-B809-C5F19E4C1988}.Release|x86.Build.0 = Release|Win32
	EndGlobalSection
	GlobalSection(SolutionProperties) = preSolution
		HideSolutionNode = FALSE
	EndGlobalSection
	GlobalSection(ExtensibilityGlobals) = postSolution
		SolutionGuid = {BB6678F5-E508-48F0-BC12-14B058CF12D4}
	EndGlobalSection
EndGlobal
